
Microsoft Visual Studio Solution File, Format Version 12.00
# Visual Studio Version 17
VisualStudioVersion = 17.9.34728.123
MinimumVisualStudioVersion = 10.0.40219.1
Project("{9A19103F-16F7-4668-BE54-9A1E7A4F7556}") = "BlazorServerChatRoom", "BlazorServerChatRoom\BlazorServerChatRoom.csproj", "{AD3F8C12-0039-462C-ACF4-239304BCD259}"
EndProject
Global
	GlobalSection(SolutionConfigurationPlatforms) = preSolution
		Debug|Any CPU = Debug|Any CPU
		Release|Any CPU = Release|Any CPU
	EndGlobalSection
	GlobalSection(ProjectConfigurationPlatforms) = postSolution
		{AD3F8C12-0039-462C-ACF4-239304BCD259}.Debug|Any CPU.ActiveCfg = Debug|Any CPU
		{AD3F8C12-0039-462C-ACF4-239304BCD259}.Debug|Any CPU.Build.0 = Debug|Any CPU
		{AD3F8C12-0039-462C-ACF4-239304BCD259}.Release|Any CPU.ActiveCfg = Release|Any CPU
		{AD3F8C12-0039-462C-ACF4-239304BCD259}.Release|Any CPU.Build.0 = Release|Any CPU
	EndGlobalSection
	GlobalSection(SolutionProperties) = preSolution
		HideSolutionNode = FALSE
	EndGlobalSection
	GlobalSection(ExtensibilityGlobals) = postSolution
		SolutionGuid = {480318E4-F59C-442E-A97C-609115BB7757}
	EndGlobalSection
EndGlobal
